
Microsoft Visual Studio Solution File, Format Version 12.00
# Visual Studio Version 16
VisualStudioVersion = 16.0.31229.75
MinimumVisualStudioVersion = 10.0.40219.1
Project("{9A19103F-16F7-4668-BE54-9A1E7A4F7556}") = "DotNetWordLadder.Tests", "DotNetWordLadder.Tests\DotNetWordLadder.Tests.csproj", "{5B9FD4AE-5833-4995-8925-6155B0E929C5}"
EndProject
Project("{9A19103F-16F7-4668-BE54-9A1E7A4F7556}") = "DotNetWordLadder", "DotNetWordLadder\DotNetWordLadder.csproj", "{AAC49683-E7D3-4650-AD04-2FB0BE858262}"
EndProject
Global
	GlobalSection(SolutionConfigurationPlatforms) = preSolution
		Debug|Any CPU = Debug|Any CPU
		Release|Any CPU = Release|Any CPU
	EndGlobalSection
	GlobalSection(ProjectConfigurationPlatforms) = postSolution
		{5B9FD4AE-5833-4995-8925-6155B0E929C5}.Debug|Any CPU.ActiveCfg = Debug|Any CPU
		{5B9FD4AE-5833-4995-8925-6155B0E929C5}.Debug|Any CPU.Build.0 = Debug|Any CPU
		{5B9FD4AE-5833-4995-8925-6155B0E929C5}.Release|Any CPU.ActiveCfg = Release|Any CPU
		{5B9FD4AE-5833-4995-8925-6155B0E929C5}.Release|Any CPU.Build.0 = Release|Any CPU
		{AAC49683-E7D3-4650-AD04-2FB0BE858262}.Debug|Any CPU.ActiveCfg = Debug|Any CPU
		{AAC49683-E7D3-4650-AD04-2FB0BE858262}.Debug|Any CPU.Build.0 = Debug|Any CPU
		{AAC49683-E7D3-4650-AD04-2FB0BE858262}.Release|Any CPU.ActiveCfg = Release|Any CPU
		{AAC49683-E7D3-4650-AD04-2FB0BE858262}.Release|Any CPU.Build.0 = Release|Any CPU
	EndGlobalSection
	GlobalSection(SolutionProperties) = preSolution
		HideSolutionNode = FALSE
	EndGlobalSection
	GlobalSection(ExtensibilityGlobals) = postSolution
		SolutionGuid = {F4B4D482-CA42-4FAB-AFB7-98088D16791D}
	EndGlobalSection
EndGlobal
